
Microsoft Visual Studio Solution File, Format Version 12.00
# Visual Studio 15
VisualStudioVersion = 15.0.28307.168
MinimumVisualStudioVersion = 10.0.40219.1
Project("{FAE04EC0-301F-11D3-BF4B-00C04F79EFBC}") = "WebApi", "WebApi\WebApi.csproj", "{7FAE1581-4F1F-45C8-94DA-29A2BD111562}"
EndProject
Global
	GlobalSection(SolutionConfigurationPlatforms) = preSolution
		Debug|Any CPU = Debug|Any CPU
		Release|Any CPU = Release|Any CPU
	EndGlobalSection
	GlobalSection(ProjectConfigurationPlatforms) = postSolution
		{7FAE1581-4F1F-45C8-94DA-29A2BD111562}.Debug|Any CPU.ActiveCfg = Debug|Any CPU
		{7FAE1581-4F1F-45C8-94DA-29A2BD111562}.Debug|Any CPU.Build.0 = Debug|Any CPU
		{7FAE1581-4F1F-45C8-94DA-29A2BD111562}.Release|Any CPU.ActiveCfg = Release|Any CPU
		{7FAE1581-4F1F-45C8-94DA-29A2BD111562}.Release|Any CPU.Build.0 = Release|Any CPU
	EndGlobalSection
	GlobalSection(SolutionProperties) = preSolution
		HideSolutionNode = FALSE
	EndGlobalSection
	GlobalSection(ExtensibilityGlobals) = postSolution
		SolutionGuid = {D214C3F5-3072-4780-A4F4-108E3BBC2B2C}
	EndGlobalSection
EndGlobal
